
Microsoft Visual Studio Solution File, Format Version 12.00
# Visual Studio 15
VisualStudioVersion = 15.0.26124.0
MinimumVisualStudioVersion = 15.0.26124.0
Project("{2150E333-8FDC-42A3-9474-1A3956D46DE8}") = "source", "source", "{D9F370D9-7D75-464A-9B1A-3F990CD2214C}"
EndProject
Project("{FAE04EC0-301F-11D3-BF4B-00C04F79EFBC}") = "MM.Domain", "source\MM.Domain\MM.Domain.csproj", "{60E9A4CB-AE13-432C-B52E-EBD6BBEBA9F7}"
EndProject
Project("{FAE04EC0-301F-11D3-BF4B-00C04F79EFBC}") = "MM.Infrastructure", "source\MM.Infrastructure\MM.Infrastructure.csproj", "{A7F54296-9508-4CD8-98BF-4D35E3C7D780}"
EndProject
Project("{2150E333-8FDC-42A3-9474-1A3956D46DE8}") = "tests", "tests", "{22AFEC9D-CA7D-404E-BCB2-3D8EE52223B4}"
EndProject
Project("{FAE04EC0-301F-11D3-BF4B-00C04F79EFBC}") = "MM.Tests", "tests\MM.Tests\MM.Tests.csproj", "{4BF23F93-AFDB-4B4F-82C9-55DB9A6DE751}"
EndProject
Global
	GlobalSection(SolutionConfigurationPlatforms) = preSolution
		Debug|Any CPU = Debug|Any CPU
		Debug|x64 = Debug|x64
		Debug|x86 = Debug|x86
		Release|Any CPU = Release|Any CPU
		Release|x64 = Release|x64
		Release|x86 = Release|x86
	EndGlobalSection
	GlobalSection(SolutionProperties) = preSolution
		HideSolutionNode = FALSE
	EndGlobalSection
	GlobalSection(ProjectConfigurationPlatforms) = postSolution
		{9526D250-7667-41F4-BEDE-8AF75B269383}.Debug|Any CPU.ActiveCfg = Debug|Any CPU
		{9526D250-7667-41F4-BEDE-8AF75B269383}.Debug|Any CPU.Build.0 = Debug|Any CPU
		{9526D250-7667-41F4-BEDE-8AF75B269383}.Debug|x64.ActiveCfg = Debug|Any CPU
		{9526D250-7667-41F4-BEDE-8AF75B269383}.Debug|x64.Build.0 = Debug|Any CPU
		{9526D250-7667-41F4-BEDE-8AF75B269383}.Debug|x86.ActiveCfg = Debug|Any CPU
		{9526D250-7667-41F4-BEDE-8AF75B269383}.Debug|x86.Build.0 = Debug|Any CPU
		{9526D250-7667-41F4-BEDE-8AF75B269383}.Release|Any CPU.ActiveCfg = Release|Any CPU
		{9526D250-7667-41F4-BEDE-8AF75B269383}.Release|Any CPU.Build.0 = Release|Any CPU
		{9526D250-7667-41F4-BEDE-8AF75B269383}.Release|x64.ActiveCfg = Release|Any CPU
		{9526D250-7667-41F4-BEDE-8AF75B269383}.Release|x64.Build.0 = Release|Any CPU
		{9526D250-7667-41F4-BEDE-8AF75B269383}.Release|x86.ActiveCfg = Release|Any CPU
		{9526D250-7667-41F4-BEDE-8AF75B269383}.Release|x86.Build.0 = Release|Any CPU
		{60E9A4CB-AE13-432C-B52E-EBD6BBEBA9F7}.Debug|Any CPU.ActiveCfg = Debug|Any CPU
		{60E9A4CB-AE13-432C-B52E-EBD6BBEBA9F7}.Debug|Any CPU.Build.0 = Debug|Any CPU
		{60E9A4CB-AE13-432C-B52E-EBD6BBEBA9F7}.Debug|x64.ActiveCfg = Debug|Any CPU
		{60E9A4CB-AE13-432C-B52E-EBD6BBEBA9F7}.Debug|x64.Build.0 = Debug|Any CPU
		{60E9A4CB-AE13-432C-B52E-EBD6BBEBA9F7}.Debug|x86.ActiveCfg = Debug|Any CPU
		{60E9A4CB-AE13-432C-B52E-EBD6BBEBA9F7}.Debug|x86.Build.0 = Debug|Any CPU
		{60E9A4CB-AE13-432C-B52E-EBD6BBEBA9F7}.Release|Any CPU.ActiveCfg = Release|Any CPU
		{60E9A4CB-AE13-432C-B52E-EBD6BBEBA9F7}.Release|Any CPU.Build.0 = Release|Any CPU
		{60E9A4CB-AE13-432C-B52E-EBD6BBEBA9F7}.Release|x64.ActiveCfg = Release|Any CPU
		{60E9A4CB-AE13-432C-B52E-EBD6BBEBA9F7}.Release|x64.Build.0 = Release|Any CPU
		{60E9A4CB-AE13-432C-B52E-EBD6BBEBA9F7}.Release|x86.ActiveCfg = Release|Any CPU
		{60E9A4CB-AE13-432C-B52E-EBD6BBEBA9F7}.Release|x86.Build.0 = Release|Any CPU
		{A7F54296-9508-4CD8-98BF-4D35E3C7D780}.Debug|Any CPU.ActiveCfg = Debug|Any CPU
		{A7F54296-9508-4CD8-98BF-4D35E3C7D780}.Debug|Any CPU.Build.0 = Debug|Any CPU
		{A7F54296-9508-4CD8-98BF-4D35E3C7D780}.Debug|x64.ActiveCfg = Debug|Any CPU
		{A7F54296-9508-4CD8-98BF-4D35E3C7D780}.Debug|x64.Build.0 = Debug|Any CPU
		{A7F54296-9508-4CD8-98BF-4D35E3C7D780}.Debug|x86.ActiveCfg = Debug|Any CPU
		{A7F54296-9508-4CD8-98BF-4D35E3C7D780}.Debug|x86.Build.0 = Debug|Any CPU
		{A7F54296-9508-4CD8-98BF-4D35E3C7D780}.Release|Any CPU.ActiveCfg = Release|Any CPU
		{A7F54296-9508-4CD8-98BF-4D35E3C7D780}.Release|Any CPU.Build.0 = Release|Any CPU
		{A7F54296-9508-4CD8-98BF-4D35E3C7D780}.Release|x64.ActiveCfg = Release|Any CPU
		{A7F54296-9508-4CD8-98BF-4D35E3C7D780}.Release|x64.Build.0 = Release|Any CPU
		{A7F54296-9508-4CD8-98BF-4D35E3C7D780}.Release|x86.ActiveCfg = Release|Any CPU
		{A7F54296-9508-4CD8-98BF-4D35E3C7D780}.Release|x86.Build.0 = Release|Any CPU
		{4BF23F93-AFDB-4B4F-82C9-55DB9A6DE751}.Debug|Any CPU.ActiveCfg = Debug|Any CPU
		{4BF23F93-AFDB-4B4F-82C9-55DB9A6DE751}.Debug|Any CPU.Build.0 = Debug|Any CPU
		{4BF23F93-AFDB-4B4F-82C9-55DB9A6DE751}.Debug|x64.ActiveCfg = Debug|Any CPU
		{4BF23F93-AFDB-4B4F-82C9-55DB9A6DE751}.Debug|x64.Build.0 = Debug|Any CPU
		{4BF23F93-AFDB-4B4F-82C9-55DB9A6DE751}.Debug|x86.ActiveCfg = Debug|Any CPU
		{4BF23F93-AFDB-4B4F-82C9-55DB9A6DE751}.Debug|x86.Build.0 = Debug|Any CPU
		{4BF23F93-AFDB-4B4F-82C9-55DB9A6DE751}.Release|Any CPU.ActiveCfg = Release|Any CPU
		{4BF23F93-AFDB-4B4F-82C9-55DB9A6DE751}.Release|Any CPU.Build.0 = Release|Any CPU
		{4BF23F93-AFDB-4B4F-82C9-55DB9A6DE751}.Release|x64.ActiveCfg = Release|Any CPU
		{4BF23F93-AFDB-4B4F-82C9-55DB9A6DE751}.Release|x64.Build.0 = Release|Any CPU
		{4BF23F93-AFDB-4B4F-82C9-55DB9A6DE751}.Release|x86.ActiveCfg = Release|Any CPU
		{4BF23F93-AFDB-4B4F-82C9-55DB9A6DE751}.Release|x86.Build.0 = Release|Any CPU
	EndGlobalSection
	GlobalSection(NestedProjects) = preSolution
		{60E9A4CB-AE13-432C-B52E-EBD6BBEBA9F7} = {D9F370D9-7D75-464A-9B1A-3F990CD2214C}
		{A7F54296-9508-4CD8-98BF-4D35E3C7D780} = {D9F370D9-7D75-464A-9B1A-3F990CD2214C}
		{4BF23F93-AFDB-4B4F-82C9-55DB9A6DE751} = {22AFEC9D-CA7D-404E-BCB2-3D8EE52223B4}
	EndGlobalSection
EndGlobal
